
Microsoft Visual Studio Solution File, Format Version 12.00
# Visual Studio Version 16
VisualStudioVersion = 16.0.30406.217
MinimumVisualStudioVersion = 10.0.40219.1
Project("{FAE04EC0-301F-11D3-BF4B-00C04F79EFBC}") = "Bodegas agricolas", "Bodegas agricolas\Bodegas agricolas.csproj", "{C510FBAC-C0E6-4656-ACA8-7413DE303393}"
EndProject
Global
	GlobalSection(SolutionConfigurationPlatforms) = preSolution
		Debug|Any CPU = Debug|Any CPU
		Release|Any CPU = Release|Any CPU
	EndGlobalSection
	GlobalSection(ProjectConfigurationPlatforms) = postSolution
		{C510FBAC-C0E6-4656-ACA8-7413DE303393}.Debug|Any CPU.ActiveCfg = Debug|Any CPU
		{C510FBAC-C0E6-4656-ACA8-7413DE303393}.Debug|Any CPU.Build.0 = Debug|Any CPU
		{C510FBAC-C0E6-4656-ACA8-7413DE303393}.Release|Any CPU.ActiveCfg = Release|Any CPU
		{C510FBAC-C0E6-4656-ACA8-7413DE303393}.Release|Any CPU.Build.0 = Release|Any CPU
	EndGlobalSection
	GlobalSection(SolutionProperties) = preSolution
		HideSolutionNode = FALSE
	EndGlobalSection
	GlobalSection(ExtensibilityGlobals) = postSolution
		SolutionGuid = {0D9F0391-D1BD-4570-B0CB-81EC3BFBF4A5}
	EndGlobalSection
EndGlobal
